
Microsoft Visual Studio Solution File, Format Version 12.00
# Visual Studio Version 17
VisualStudioVersion = 17.12.35521.163
MinimumVisualStudioVersion = 10.0.40219.1
Project("{8BC9CEB8-8B4A-11D0-8D11-00A0C91BC942}") = "FidelityFX-CAS-CUDA", "FidelityFX-CAS-CUDA\FidelityFX-CAS-CUDA.vcxproj", "{B07DA219-FB43-432D-A0AA-43D7127E59CA}"
EndProject
Project("{8BC9CEB8-8B4A-11D0-8D11-00A0C91BC942}") = "FidelityFX-CAS-CUDA-Sample", "FidelityFX-CAS-CUDA-Sample\FidelityFX-CAS-CUDA-Sample.vcxproj", "{0E29BFD0-BA24-4007-B5EC-05F874A2F91A}"
EndProject
Global
	GlobalSection(SolutionConfigurationPlatforms) = preSolution
		Debug|x64 = Debug|x64
		Release LineInfo|x64 = Release LineInfo|x64
		Release|x64 = Release|x64
	EndGlobalSection
	GlobalSection(ProjectConfigurationPlatforms) = postSolution
		{B07DA219-FB43-432D-A0AA-43D7127E59CA}.Debug|x64.ActiveCfg = Debug|x64
		{B07DA219-FB43-432D-A0AA-43D7127E59CA}.Debug|x64.Build.0 = Debug|x64
		{B07DA219-FB43-432D-A0AA-43D7127E59CA}.Release LineInfo|x64.ActiveCfg = Release LineInfo|x64
		{B07DA219-FB43-432D-A0AA-43D7127E59CA}.Release LineInfo|x64.Build.0 = Release LineInfo|x64
		{B07DA219-FB43-432D-A0AA-43D7127E59CA}.Release|x64.ActiveCfg = Release|x64
		{B07DA219-FB43-432D-A0AA-43D7127E59CA}.Release|x64.Build.0 = Release|x64
		{0E29BFD0-BA24-4007-B5EC-05F874A2F91A}.Debug|x64.ActiveCfg = Debug|x64
		{0E29BFD0-BA24-4007-B5EC-05F874A2F91A}.Debug|x64.Build.0 = Debug|x64
		{0E29BFD0-BA24-4007-B5EC-05F874A2F91A}.Release LineInfo|x64.ActiveCfg = Release|x64
		{0E29BFD0-BA24-4007-B5EC-05F874A2F91A}.Release LineInfo|x64.Build.0 = Release|x64
		{0E29BFD0-BA24-4007-B5EC-05F874A2F91A}.Release|x64.ActiveCfg = Release|x64
		{0E29BFD0-BA24-4007-B5EC-05F874A2F91A}.Release|x64.Build.0 = Release|x64
	EndGlobalSection
	GlobalSection(SolutionProperties) = preSolution
		HideSolutionNode = FALSE
	EndGlobalSection
EndGlobal
